
Microsoft Visual Studio Solution File, Format Version 12.00
# Visual Studio Version 16
VisualStudioVersion = 16.0.32510.428
MinimumVisualStudioVersion = 10.0.40219.1
Project("{FAE04EC0-301F-11D3-BF4B-00C04F79EFBC}") = "Script Installer+", "Script Installer+.csproj", "{99984105-F91A-403C-A526-678236280D90}"
EndProject
Global
	GlobalSection(SolutionConfigurationPlatforms) = preSolution
		Debug|Any CPU = Debug|Any CPU
		Release|Any CPU = Release|Any CPU
	EndGlobalSection
	GlobalSection(ProjectConfigurationPlatforms) = postSolution
		{99984105-F91A-403C-A526-678236280D90}.Debug|Any CPU.ActiveCfg = Debug|Any CPU
		{99984105-F91A-403C-A526-678236280D90}.Debug|Any CPU.Build.0 = Debug|Any CPU
		{99984105-F91A-403C-A526-678236280D90}.Release|Any CPU.ActiveCfg = Release|Any CPU
		{99984105-F91A-403C-A526-678236280D90}.Release|Any CPU.Build.0 = Release|Any CPU
	EndGlobalSection
	GlobalSection(SolutionProperties) = preSolution
		HideSolutionNode = FALSE
	EndGlobalSection
	GlobalSection(ExtensibilityGlobals) = postSolution
		SolutionGuid = {7D7F4F07-0BF8-4235-99CD-4EFCD9CADDF4}
	EndGlobalSection
EndGlobal
